
Microsoft Visual Studio Solution File, Format Version 12.00
# Visual Studio Version 17
VisualStudioVersion = 17.7.34031.279
MinimumVisualStudioVersion = 10.0.40219.1
Project("{FAE04EC0-301F-11D3-BF4B-00C04F79EFBC}") = "網頁", "網頁\網頁.csproj", "{A0C5762C-09F4-4FE4-9048-BEC169E25642}"
EndProject
Global
	GlobalSection(SolutionConfigurationPlatforms) = preSolution
		Debug|Any CPU = Debug|Any CPU
		Release|Any CPU = Release|Any CPU
	EndGlobalSection
	GlobalSection(ProjectConfigurationPlatforms) = postSolution
		{A0C5762C-09F4-4FE4-9048-BEC169E25642}.Debug|Any CPU.ActiveCfg = Debug|Any CPU
		{A0C5762C-09F4-4FE4-9048-BEC169E25642}.Debug|Any CPU.Build.0 = Debug|Any CPU
		{A0C5762C-09F4-4FE4-9048-BEC169E25642}.Release|Any CPU.ActiveCfg = Release|Any CPU
		{A0C5762C-09F4-4FE4-9048-BEC169E25642}.Release|Any CPU.Build.0 = Release|Any CPU
	EndGlobalSection
	GlobalSection(SolutionProperties) = preSolution
		HideSolutionNode = FALSE
	EndGlobalSection
	GlobalSection(ExtensibilityGlobals) = postSolution
		SolutionGuid = {BFAA5AE4-D4E4-4190-9E3E-54B360CE00AA}
	EndGlobalSection
EndGlobal
